
Microsoft Visual Studio Solution File, Format Version 12.00
# Visual Studio 14
VisualStudioVersion = 14.0.25420.1
MinimumVisualStudioVersion = 10.0.40219.1
Project("{2150E333-8FDC-42A3-9474-1A3956D46DE8}") = "src", "src", "{3C7720EE-142E-4AB8-AFE5-DF84E3855789}"
EndProject
Project("{FAE04EC0-301F-11D3-BF4B-00C04F79EFBC}") = "Vanke.WX.Weixin", "src\Vanke.WX.Weixin\Vanke.WX.Weixin.csproj", "{855B42A5-48FE-4689-9703-8972346781CF}"
EndProject
Project("{2150E333-8FDC-42A3-9474-1A3956D46DE8}") = "wrap", "wrap", "{D8492937-C6CC-4B91-97DF-9EAF65F00E73}"
EndProject
Project("{FAE04EC0-301F-11D3-BF4B-00C04F79EFBC}") = "EZ.Framework", "wrap\EZ.Framework\EZ.Framework.csproj", "{D10D1D97-17B8-484D-9454-122C4DFBAB95}"
EndProject
Project("{FAE04EC0-301F-11D3-BF4B-00C04F79EFBC}") = "EZ.Framework.EntityFramework", "wrap\EZ.Framework.EntityFramework\EZ.Framework.EntityFramework.csproj", "{C3B057DB-0F36-4A51-86FB-6D39719A02F1}"
EndProject
Project("{FAE04EC0-301F-11D3-BF4B-00C04F79EFBC}") = "Vanke.WX.Weixin.Data", "wrap\Vanke.WX.Weixin.Data\Vanke.WX.Weixin.Data.csproj", "{167BC705-3749-4451-9154-153EDDF2C6F1}"
EndProject
Project("{FAE04EC0-301F-11D3-BF4B-00C04F79EFBC}") = "Vanke.WX.Weixin.Service", "wrap\Vanke.WX.Weixin.Service\Vanke.WX.Weixin.Service.csproj", "{5C6E122C-97C8-4B40-A17E-865642CFB07A}"
EndProject
Project("{FAE04EC0-301F-11D3-BF4B-00C04F79EFBC}") = "Vanke.WX.Weixin.Common", "wrap\Vanke.WX.Weixin.Common\Vanke.WX.Weixin.Common.csproj", "{10C83D93-35AF-47DB-BAE5-10DB42FC9507}"
EndProject
Project("{FAE04EC0-301F-11D3-BF4B-00C04F79EFBC}") = "EZ.Framework.Integration.WebApi", "wrap\EZ.Framework.Integration.WebApi\EZ.Framework.Integration.WebApi.csproj", "{1D91CF21-307C-44DD-817C-94C10F0B0515}"
EndProject
Project("{2150E333-8FDC-42A3-9474-1A3956D46DE8}") = "resource", "resource", "{0DF15E19-5937-4FC9-BAFF-9A48697C230F}"
	ProjectSection(SolutionItems) = preProject
		resource\data.sql = resource\data.sql
		resource\init.sql = resource\init.sql
	EndProjectSection
EndProject
Project("{E24C65DC-7377-472B-9ABA-BC803B73C61A}") = "Vanke.WX.WeiXin.Administration", "src\Vanke.WX.WeiXin.Administration\", "{0B3CEDB5-80BB-4B9B-918E-DB235BD8E487}"
	ProjectSection(WebsiteProperties) = preProject
		TargetFrameworkMoniker = ".NETFramework,Version%3Dv4.5.2"
		Debug.AspNetCompiler.VirtualPath = "/localhost_52224"
		Debug.AspNetCompiler.PhysicalPath = "src\Vanke.WX.WeiXin.Administration\"
		Debug.AspNetCompiler.TargetPath = "PrecompiledWeb\localhost_52224\"
		Debug.AspNetCompiler.Updateable = "true"
		Debug.AspNetCompiler.ForceOverwrite = "true"
		Debug.AspNetCompiler.FixedNames = "false"
		Debug.AspNetCompiler.Debug = "True"
		Release.AspNetCompiler.VirtualPath = "/localhost_52224"
		Release.AspNetCompiler.PhysicalPath = "src\Vanke.WX.WeiXin.Administration\"
		Release.AspNetCompiler.TargetPath = "PrecompiledWeb\localhost_52224\"
		Release.AspNetCompiler.Updateable = "true"
		Release.AspNetCompiler.ForceOverwrite = "true"
		Release.AspNetCompiler.FixedNames = "false"
		Release.AspNetCompiler.Debug = "False"
		VWDPort = "52224"
		SlnRelativePath = "src\Vanke.WX.WeiXin.Administration\"
	EndProjectSection
EndProject
Project("{FAE04EC0-301F-11D3-BF4B-00C04F79EFBC}") = "EZ.Framework.NoRepository.EntityFramework", "wrap\EZ.Framework.NoRepository.EntityFramework\EZ.Framework.NoRepository.EntityFramework.csproj", "{F885445C-FB4A-4186-B0A5-3787D0BE4FCD}"
EndProject
Global
	GlobalSection(SolutionConfigurationPlatforms) = preSolution
		Debug|Any CPU = Debug|Any CPU
		Release|Any CPU = Release|Any CPU
	EndGlobalSection
	GlobalSection(ProjectConfigurationPlatforms) = postSolution
		{855B42A5-48FE-4689-9703-8972346781CF}.Debug|Any CPU.ActiveCfg = Debug|Any CPU
		{855B42A5-48FE-4689-9703-8972346781CF}.Debug|Any CPU.Build.0 = Debug|Any CPU
		{855B42A5-48FE-4689-9703-8972346781CF}.Release|Any CPU.ActiveCfg = Release|Any CPU
		{855B42A5-48FE-4689-9703-8972346781CF}.Release|Any CPU.Build.0 = Release|Any CPU
		{D10D1D97-17B8-484D-9454-122C4DFBAB95}.Debug|Any CPU.ActiveCfg = Debug|Any CPU
		{D10D1D97-17B8-484D-9454-122C4DFBAB95}.Debug|Any CPU.Build.0 = Debug|Any CPU
		{D10D1D97-17B8-484D-9454-122C4DFBAB95}.Release|Any CPU.ActiveCfg = Release|Any CPU
		{D10D1D97-17B8-484D-9454-122C4DFBAB95}.Release|Any CPU.Build.0 = Release|Any CPU
		{C3B057DB-0F36-4A51-86FB-6D39719A02F1}.Debug|Any CPU.ActiveCfg = Debug|Any CPU
		{C3B057DB-0F36-4A51-86FB-6D39719A02F1}.Debug|Any CPU.Build.0 = Debug|Any CPU
		{C3B057DB-0F36-4A51-86FB-6D39719A02F1}.Release|Any CPU.ActiveCfg = Release|Any CPU
		{C3B057DB-0F36-4A51-86FB-6D39719A02F1}.Release|Any CPU.Build.0 = Release|Any CPU
		{167BC705-3749-4451-9154-153EDDF2C6F1}.Debug|Any CPU.ActiveCfg = Debug|Any CPU
		{167BC705-3749-4451-9154-153EDDF2C6F1}.Debug|Any CPU.Build.0 = Debug|Any CPU
		{167BC705-3749-4451-9154-153EDDF2C6F1}.Release|Any CPU.ActiveCfg = Release|Any CPU
		{167BC705-3749-4451-9154-153EDDF2C6F1}.Release|Any CPU.Build.0 = Release|Any CPU
		{5C6E122C-97C8-4B40-A17E-865642CFB07A}.Debug|Any CPU.ActiveCfg = Debug|Any CPU
		{5C6E122C-97C8-4B40-A17E-865642CFB07A}.Debug|Any CPU.Build.0 = Debug|Any CPU
		{5C6E122C-97C8-4B40-A17E-865642CFB07A}.Release|Any CPU.ActiveCfg = Release|Any CPU
		{5C6E122C-97C8-4B40-A17E-865642CFB07A}.Release|Any CPU.Build.0 = Release|Any CPU
		{10C83D93-35AF-47DB-BAE5-10DB42FC9507}.Debug|Any CPU.ActiveCfg = Debug|Any CPU
		{10C83D93-35AF-47DB-BAE5-10DB42FC9507}.Debug|Any CPU.Build.0 = Debug|Any CPU
		{10C83D93-35AF-47DB-BAE5-10DB42FC9507}.Release|Any CPU.ActiveCfg = Release|Any CPU
		{10C83D93-35AF-47DB-BAE5-10DB42FC9507}.Release|Any CPU.Build.0 = Release|Any CPU
		{1D91CF21-307C-44DD-817C-94C10F0B0515}.Debug|Any CPU.ActiveCfg = Debug|Any CPU
		{1D91CF21-307C-44DD-817C-94C10F0B0515}.Debug|Any CPU.Build.0 = Debug|Any CPU
		{1D91CF21-307C-44DD-817C-94C10F0B0515}.Release|Any CPU.ActiveCfg = Release|Any CPU
		{1D91CF21-307C-44DD-817C-94C10F0B0515}.Release|Any CPU.Build.0 = Release|Any CPU
		{0B3CEDB5-80BB-4B9B-918E-DB235BD8E487}.Debug|Any CPU.ActiveCfg = Debug|Any CPU
		{0B3CEDB5-80BB-4B9B-918E-DB235BD8E487}.Release|Any CPU.ActiveCfg = Debug|Any CPU
		{0B3CEDB5-80BB-4B9B-918E-DB235BD8E487}.Release|Any CPU.Build.0 = Debug|Any CPU
		{F885445C-FB4A-4186-B0A5-3787D0BE4FCD}.Debug|Any CPU.ActiveCfg = Debug|Any CPU
		{F885445C-FB4A-4186-B0A5-3787D0BE4FCD}.Debug|Any CPU.Build.0 = Debug|Any CPU
		{F885445C-FB4A-4186-B0A5-3787D0BE4FCD}.Release|Any CPU.ActiveCfg = Release|Any CPU
		{F885445C-FB4A-4186-B0A5-3787D0BE4FCD}.Release|Any CPU.Build.0 = Release|Any CPU
	EndGlobalSection
	GlobalSection(SolutionProperties) = preSolution
		HideSolutionNode = FALSE
	EndGlobalSection
	GlobalSection(NestedProjects) = preSolution
		{855B42A5-48FE-4689-9703-8972346781CF} = {3C7720EE-142E-4AB8-AFE5-DF84E3855789}
		{D10D1D97-17B8-484D-9454-122C4DFBAB95} = {D8492937-C6CC-4B91-97DF-9EAF65F00E73}
		{C3B057DB-0F36-4A51-86FB-6D39719A02F1} = {D8492937-C6CC-4B91-97DF-9EAF65F00E73}
		{167BC705-3749-4451-9154-153EDDF2C6F1} = {D8492937-C6CC-4B91-97DF-9EAF65F00E73}
		{5C6E122C-97C8-4B40-A17E-865642CFB07A} = {D8492937-C6CC-4B91-97DF-9EAF65F00E73}
		{10C83D93-35AF-47DB-BAE5-10DB42FC9507} = {D8492937-C6CC-4B91-97DF-9EAF65F00E73}
		{1D91CF21-307C-44DD-817C-94C10F0B0515} = {D8492937-C6CC-4B91-97DF-9EAF65F00E73}
		{0B3CEDB5-80BB-4B9B-918E-DB235BD8E487} = {3C7720EE-142E-4AB8-AFE5-DF84E3855789}
		{F885445C-FB4A-4186-B0A5-3787D0BE4FCD} = {D8492937-C6CC-4B91-97DF-9EAF65F00E73}
	EndGlobalSection
EndGlobal
